Microsoft Visual Studio Solution File, Format Version 12.00
# Visual Studio Version 17
VisualStudioVersion = 17.5.2.0
MinimumVisualStudioVersion = 10.0.40219.1
Project("{2150E333-8FDC-42A3-9474-1A3956D46DE8}") = "backend-csharp", "backend-csharp", "{9282804A-3298-B2C8-BADC-E5A863B1FAAF}"
EndProject
Project("{FAE04EC0-301F-11D3-BF4B-00C04F79EFBC}") = "SecureBioApi", "backend-csharp\SecureBioApi.csproj", "{58595BC7-C0CA-2291-0810-BD526383D4B9}"
EndProject
Global
	GlobalSection(SolutionConfigurationPlatforms) = preSolution
		Debug|Any CPU = Debug|Any CPU
		Release|Any CPU = Release|Any CPU
	EndGlobalSection
	GlobalSection(ProjectConfigurationPlatforms) = postSolution
		{58595BC7-C0CA-2291-0810-BD526383D4B9}.Debug|Any CPU.ActiveCfg = Debug|Any CPU
		{58595BC7-C0CA-2291-0810-BD526383D4B9}.Debug|Any CPU.Build.0 = Debug|Any CPU
		{58595BC7-C0CA-2291-0810-BD526383D4B9}.Release|Any CPU.ActiveCfg = Release|Any CPU
		{58595BC7-C0CA-2291-0810-BD526383D4B9}.Release|Any CPU.Build.0 = Release|Any CPU
	EndGlobalSection
	GlobalSection(SolutionProperties) = preSolution
		HideSolutionNode = FALSE
	EndGlobalSection
	GlobalSection(NestedProjects) = preSolution
		{58595BC7-C0CA-2291-0810-BD526383D4B9} = {9282804A-3298-B2C8-BADC-E5A863B1FAAF}
	EndGlobalSection
	GlobalSection(ExtensibilityGlobals) = postSolution
		SolutionGuid = {378F8E4D-DE80-4B13-8871-1757C0349EC4}
	EndGlobalSection
EndGlobal
